github.com/google/uuid v1.6.0 h1:NIvaJDMOsjHA8n1jAhLSgzrAzy1Hgr+hNrb57e+94F0=
github.com/google/uuid v1.6.0/go.mod h1:TIyPZe4MgqvfeYDBFedMoGGpEw/LqOeaOT+nhxU+yHo=
github.com/hlfshell/go-arkaine-parser v0.0.1 h1:NxY0nRau3LxrtLSL7BqTYWWjUMQF9Udl2OV4Xkfr5G0=
github.com/hlfshell/go-arkaine-parser v0.0.1/go.mod h1:xRoQRDGymIfek7EuoFrQR3gAASjKNHZb2/TKuFWVXok=
